
Microsoft Visual Studio Solution File, Format Version 12.00
# Visual Studio Version 17
VisualStudioVersion = 17.6.33801.468
MinimumVisualStudioVersion = 10.0.40219.1
Project("{9A19103F-16F7-4668-BE54-9A1E7A4F7556}") = "NBitcoin", "NBitcoin\NBitcoin.csproj", "{B8105B67-B969-49D0-B494-808B9FB46304}"
EndProject
Project("{2150E333-8FDC-42A3-9474-1A3956D46DE8}") = "Éléments de solution", "Éléments de solution", "{8376BD70-E0B8-4B9E-BD02-00502B1F91BA}"
	ProjectSection(SolutionItems) = preProject
		icon.png = icon.png
		logo.png = logo.png
	EndProjectSection
EndProject
Project("{9A19103F-16F7-4668-BE54-9A1E7A4F7556}") = "NBitcoin.Altcoins", "NBitcoin.Altcoins\NBitcoin.Altcoins.csproj", "{7E68B8F9-D6FC-40F0-B343-251A5F900EF5}"
EndProject
Project("{FAE04EC0-301F-11D3-BF4B-00C04F79EFBC}") = "ConsoleAppNBitcoin", "ConsoleAppNBitcoin\ConsoleAppNBitcoin.csproj", "{856E149F-0E03-46AF-A0C0-B8C25C256D2D}"
EndProject
Global
	GlobalSection(SolutionConfigurationPlatforms) = preSolution
		Debug|Any CPU = Debug|Any CPU
		Release|Any CPU = Release|Any CPU
	EndGlobalSection
	GlobalSection(ProjectConfigurationPlatforms) = postSolution
		{B8105B67-B969-49D0-B494-808B9FB46304}.Debug|Any CPU.ActiveCfg = Debug|Any CPU
		{B8105B67-B969-49D0-B494-808B9FB46304}.Debug|Any CPU.Build.0 = Debug|Any CPU
		{B8105B67-B969-49D0-B494-808B9FB46304}.Release|Any CPU.ActiveCfg = Release|Any CPU
		{B8105B67-B969-49D0-B494-808B9FB46304}.Release|Any CPU.Build.0 = Release|Any CPU
		{7E68B8F9-D6FC-40F0-B343-251A5F900EF5}.Debug|Any CPU.ActiveCfg = Debug|Any CPU
		{7E68B8F9-D6FC-40F0-B343-251A5F900EF5}.Debug|Any CPU.Build.0 = Debug|Any CPU
		{7E68B8F9-D6FC-40F0-B343-251A5F900EF5}.Release|Any CPU.ActiveCfg = Release|Any CPU
		{7E68B8F9-D6FC-40F0-B343-251A5F900EF5}.Release|Any CPU.Build.0 = Release|Any CPU
		{856E149F-0E03-46AF-A0C0-B8C25C256D2D}.Debug|Any CPU.ActiveCfg = Debug|Any CPU
		{856E149F-0E03-46AF-A0C0-B8C25C256D2D}.Debug|Any CPU.Build.0 = Debug|Any CPU
		{856E149F-0E03-46AF-A0C0-B8C25C256D2D}.Release|Any CPU.ActiveCfg = Release|Any CPU
		{856E149F-0E03-46AF-A0C0-B8C25C256D2D}.Release|Any CPU.Build.0 = Release|Any CPU
	EndGlobalSection
	GlobalSection(SolutionProperties) = preSolution
		HideSolutionNode = FALSE
	EndGlobalSection
	GlobalSection(ExtensibilityGlobals) = postSolution
		SolutionGuid = {0C08398C-3A3F-42D6-B6BC-B5CF1CEF839E}
	EndGlobalSection
EndGlobal
